// !$*UTF8*$!
{
	archiveVersion = 1;
	classes = {
	};
	objectVersion = 51;
	objects = {

/* Begin PBXBuildFile section */
		3909CC70244B368C005E73D5 /* Article.swift in Sources */ = {isa = PBXBuildFile; fileRef = 3909CC6F244B368C005E73D5 /* Article.swift */; };
		3909CC72244B381B005E73D5 /* AritlcleTableViewCell.swift in Sources */ = {isa = PBXBuildFile; fileRef = 3909CC71244B381B005E73D5 /* AritlcleTableViewCell.swift */; };
		3909CC76244B391E005E73D5 /* URLRequest+Extension.swift in Sources */ = {isa = PBXBuildFile; fileRef = 3909CC75244B391E005E73D5 /* URLRequest+Extension.swift */; };
		3909CC992454812E005E73D5 /* WeatherApp.storyboard in Resources */ = {isa = PBXBuildFile; fileRef = 3909CC982454812E005E73D5 /* WeatherApp.storyboard */; };
		3909CC9B2454813E005E73D5 /* WeatherViewController.swift in Sources */ = {isa = PBXBuildFile; fileRef = 3909CC9A2454813E005E73D5 /* WeatherViewController.swift */; };
		3909CC9E24548602005E73D5 /* WeatherResult.swift in Sources */ = {isa = PBXBuildFile; fileRef = 3909CC9D24548602005E73D5 /* WeatherResult.swift */; };
		392217092436173B009A3F16 /* PhotosCollectionViewController.swift in Sources */ = {isa = PBXBuildFile; fileRef = 392217082436173B009A3F16 /* PhotosCollectionViewController.swift */; };
		3922170B24361F6F009A3F16 /* PhotoCollectionViewCell.swift in Sources */ = {isa = PBXBuildFile; fileRef = 3922170A24361F6F009A3F16 /* PhotoCollectionViewCell.swift */; };
		3922170D24386201009A3F16 /* FilterService.swift in Sources */ = {isa = PBXBuildFile; fileRef = 3922170C24386201009A3F16 /* FilterService.swift */; };
		395B15BD24607BE100E017AB /* ArticleViewModel.swift in Sources */ = {isa = PBXBuildFile; fileRef = 395B15BC24607BE100E017AB /* ArticleViewModel.swift */; };
		395B15BF24607DEF00E017AB /* ArticleTableViewCell.swift in Sources */ = {isa = PBXBuildFile; fileRef = 395B15BE24607DEF00E017AB /* ArticleTableViewCell.swift */; };
		3961501C2459A16300D61337 /* URLRequest+Extensions.swift in Sources */ = {isa = PBXBuildFile; fileRef = 3961501B2459A16300D61337 /* URLRequest+Extensions.swift */; };
		3961501E2460401600D61337 /* URL+Extension.swift in Sources */ = {isa = PBXBuildFile; fileRef = 3961501D2460401600D61337 /* URL+Extension.swift */; };
		39615020246070FD00D61337 /* NewsAppMVVM.storyboard in Resources */ = {isa = PBXBuildFile; fileRef = 3961501F246070FD00D61337 /* NewsAppMVVM.storyboard */; };
		396150242460716000D61337 /* NewsTableViewController.swift in Sources */ = {isa = PBXBuildFile; fileRef = 396150232460716000D61337 /* NewsTableViewController.swift */; };
		396150262460778E00D61337 /* MVVMArticle.swift in Sources */ = {isa = PBXBuildFile; fileRef = 396150252460778E00D61337 /* MVVMArticle.swift */; };
		3961502A246078AB00D61337 /* NewsURLRequest+Extensions.swift in Sources */ = {isa = PBXBuildFile; fileRef = 39615029246078AB00D61337 /* NewsURLRequest+Extensions.swift */; };
		396BE39C244B25280035517E /* NewsApp.storyboard in Resources */ = {isa = PBXBuildFile; fileRef = 396BE39B244B25280035517E /* NewsApp.storyboard */; };
		396BE39E244B25370035517E /* NewsListViewController.swift in Sources */ = {isa = PBXBuildFile; fileRef = 396BE39D244B25370035517E /* NewsListViewController.swift */; };
		39B79752243F7AAE008B6C30 /* ToDo.storyboard in Resources */ = {isa = PBXBuildFile; fileRef = 39B79751243F7AAE008B6C30 /* ToDo.storyboard */; };
		39B79754243F7AD4008B6C30 /* TodoListViewController.swift in Sources */ = {isa = PBXBuildFile; fileRef = 39B79753243F7AD4008B6C30 /* TodoListViewController.swift */; };
		39B797572440BE71008B6C30 /* AddTaskViewController.swift in Sources */ = {isa = PBXBuildFile; fileRef = 39B797562440BE71008B6C30 /* AddTaskViewController.swift */; };
		39B797592440C00E008B6C30 /* Task.swift in Sources */ = {isa = PBXBuildFile; fileRef = 39B797582440C00E008B6C30 /* Task.swift */; };
		6B742D5D103823C2381D9637 /* Pods_RxSwiftStudy.framework in Frameworks */ = {isa = PBXBuildFile; fileRef = BD627954E76C3AA62CF6891B /* Pods_RxSwiftStudy.framework */; };
		D2C50D8A2432DF2500042167 /* AppDelegate.swift in Sources */ = {isa = PBXBuildFile; fileRef = D2C50D892432DF2500042167 /* AppDelegate.swift */; };
		D2C50D8C2432DF2500042167 /* SceneDelegate.swift in Sources */ = {isa = PBXBuildFile; fileRef = D2C50D8B2432DF2500042167 /* SceneDelegate.swift */; };
		D2C50D8E2432DF2500042167 /* ViewController.swift in Sources */ = {isa = PBXBuildFile; fileRef = D2C50D8D2432DF2500042167 /* ViewController.swift */; };
		D2C50D912432DF2500042167 /* Main.storyboard in Resources */ = {isa = PBXBuildFile; fileRef = D2C50D8F2432DF2500042167 /* Main.storyboard */; };
		D2C50D932432DF2600042167 /* Assets.xcassets in Resources */ = {isa = PBXBuildFile; fileRef = D2C50D922432DF2600042167 /* Assets.xcassets */; };
		D2C50D962432DF2600042167 /* LaunchScreen.storyboard in Resources */ = {isa = PBXBuildFile; fileRef = D2C50D942432DF2600042167 /* LaunchScreen.storyboard */; };
/* End PBXBuildFile section */

/* Begin PBXFileReference section */
		3909CC6F244B368C005E73D5 /* Article.swift */ = {isa = PBXFileReference; lastKnownFileType = sourcecode.swift; path = Article.swift; sourceTree = "<group>"; };
		3909CC71244B381B005E73D5 /* AritlcleTableViewCell.swift */ = {isa = PBXFileReference; lastKnownFileType = sourcecode.swift; path = AritlcleTableViewCell.swift; sourceTree = "<group>"; };
		3909CC75244B391E005E73D5 /* URLRequest+Extension.swift */ = {isa = PBXFileReference; lastKnownFileType = sourcecode.swift; path = "URLRequest+Extension.swift"; sourceTree = "<group>"; };
		3909CC77244C5709005E73D5 /* Combining Operators.playground */ = {isa = PBXFileReference; lastKnownFileType = file.playground; path = "Combining Operators.playground"; sourceTree = "<group>"; xcLanguageSpecificationIdentifier = xcode.lang.swift; };
		3909CC982454812E005E73D5 /* WeatherApp.storyboard */ = {isa = PBXFileReference; lastKnownFileType = file.storyboard; path = WeatherApp.storyboard; sourceTree = "<group>"; };
		3909CC9A2454813E005E73D5 /* WeatherViewController.swift */ = {isa = PBXFileReference; lastKnownFileType = sourcecode.swift; path = WeatherViewController.swift; sourceTree = "<group>"; };
		3909CC9D24548602005E73D5 /* WeatherResult.swift */ = {isa = PBXFileReference; lastKnownFileType = sourcecode.swift; path = WeatherResult.swift; sourceTree = "<group>"; };
		392217082436173B009A3F16 /* PhotosCollectionViewController.swift */ = {isa = PBXFileReference; lastKnownFileType = sourcecode.swift; path = PhotosCollectionViewController.swift; sourceTree = "<group>"; };
		3922170A24361F6F009A3F16 /* PhotoCollectionViewCell.swift */ = {isa = PBXFileReference; lastKnownFileType = sourcecode.swift; path = PhotoCollectionViewCell.swift; sourceTree = "<group>"; };
		3922170C24386201009A3F16 /* FilterService.swift */ = {isa = PBXFileReference; lastKnownFileType = sourcecode.swift; path = FilterService.swift; sourceTree = "<group>"; };
		395B15BC24607BE100E017AB /* ArticleViewModel.swift */ = {isa = PBXFileReference; lastKnownFileType = sourcecode.swift; path = ArticleViewModel.swift; sourceTree = "<group>"; };
		395B15BE24607DEF00E017AB /* ArticleTableViewCell.swift */ = {isa = PBXFileReference; lastKnownFileType = sourcecode.swift; path = ArticleTableViewCell.swift; sourceTree = "<group>"; };
		3961501B2459A16300D61337 /* URLRequest+Extensions.swift */ = {isa = PBXFileReference; lastKnownFileType = sourcecode.swift; path = "URLRequest+Extensions.swift"; sourceTree = "<group>"; };
		3961501D2460401600D61337 /* URL+Extension.swift */ = {isa = PBXFileReference; lastKnownFileType = sourcecode.swift; path = "URL+Extension.swift"; sourceTree = "<group>"; };
		3961501F246070FD00D61337 /* NewsAppMVVM.storyboard */ = {isa = PBXFileReference; lastKnownFileType = file.storyboard; path = NewsAppMVVM.storyboard; sourceTree = "<group>"; };
		396150232460716000D61337 /* NewsTableViewController.swift */ = {isa = PBXFileReference; lastKnownFileType = sourcecode.swift; path = NewsTableViewController.swift; sourceTree = "<group>"; };
		396150252460778E00D61337 /* MVVMArticle.swift */ = {isa = PBXFileReference; lastKnownFileType = sourcecode.swift; path = MVVMArticle.swift; sourceTree = "<group>"; };
		39615029246078AB00D61337 /* NewsURLRequest+Extensions.swift */ = {isa = PBXFileReference; lastKnownFileType = sourcecode.swift; path = "NewsURLRequest+Extensions.swift"; sourceTree = "<group>"; };
		396BE39B244B25280035517E /* NewsApp.storyboard */ = {isa = PBXFileReference; lastKnownFileType = file.storyboard; path = NewsApp.storyboard; sourceTree = "<group>"; };
		396BE39D244B25370035517E /* NewsListViewController.swift */ = {isa = PBXFileReference; lastKnownFileType = sourcecode.swift; path = NewsListViewController.swift; sourceTree = "<group>"; };
		398B33482438C86000AD6858 /* Filtering Operators.playground */ = {isa = PBXFileReference; lastKnownFileType = file.playground; path = "Filtering Operators.playground"; sourceTree = "<group>"; xcLanguageSpecificationIdentifier = xcode.lang.swift; };
		39B79751243F7AAE008B6C30 /* ToDo.storyboard */ = {isa = PBXFileReference; lastKnownFileType = file.storyboard; path = ToDo.storyboard; sourceTree = "<group>"; };
		39B79753243F7AD4008B6C30 /* TodoListViewController.swift */ = {isa = PBXFileReference; lastKnownFileType = sourcecode.swift; path = TodoListViewController.swift; sourceTree = "<group>"; };
		39B797562440BE71008B6C30 /* AddTaskViewController.swift */ = {isa = PBXFileReference; lastKnownFileType = sourcecode.swift; path = AddTaskViewController.swift; sourceTree = "<group>"; };
		39B797582440C00E008B6C30 /* Task.swift */ = {isa = PBXFileReference; lastKnownFileType = sourcecode.swift; path = Task.swift; sourceTree = "<group>"; };
		39BA5E042443176900B6CC45 /* Transforming Operators.playground */ = {isa = PBXFileReference; lastKnownFileType = file.playground; path = "Transforming Operators.playground"; sourceTree = "<group>"; xcLanguageSpecificationIdentifier = xcode.lang.swift; };
		7DA000AF4B86928ADDC1349B /* Pods-RxSwiftStudy.release.xcconfig */ = {isa = PBXFileReference; includeInIndex = 1; lastKnownFileType = text.xcconfig; name = "Pods-RxSwiftStudy.release.xcconfig"; path = "Target Support Files/Pods-RxSwiftStudy/Pods-RxSwiftStudy.release.xcconfig"; sourceTree = "<group>"; };
		BD627954E76C3AA62CF6891B /* Pods_RxSwiftStudy.framework */ = {isa = PBXFileReference; explicitFileType = wrapper.framework; includeInIndex = 0; path = Pods_RxSwiftStudy.framework; sourceTree = BUILT_PRODUCTS_DIR; };
		D2C50D862432DF2500042167 /* RxSwiftStudy.app */ = {isa = PBXFileReference; explicitFileType = wrapper.application; includeInIndex = 0; path = RxSwiftStudy.app; sourceTree = BUILT_PRODUCTS_DIR; };
		D2C50D892432DF2500042167 /* AppDelegate.swift */ = {isa = PBXFileReference; lastKnownFileType = sourcecode.swift; path = AppDelegate.swift; sourceTree = "<group>"; };
		D2C50D8B2432DF2500042167 /* SceneDelegate.swift */ = {isa = PBXFileReference; lastKnownFileType = sourcecode.swift; path = SceneDelegate.swift; sourceTree = "<group>"; };
		D2C50D8D2432DF2500042167 /* ViewController.swift */ = {isa = PBXFileReference; lastKnownFileType = sourcecode.swift; path = ViewController.swift; sourceTree = "<group>"; };
		D2C50D902432DF2500042167 /* Base */ = {isa = PBXFileReference; lastKnownFileType = file.storyboard; name = Base; path = Base.lproj/Main.storyboard; sourceTree = "<group>"; };
		D2C50D922432DF2600042167 /* Assets.xcassets */ = {isa = PBXFileReference; lastKnownFileType = folder.assetcatalog; path = Assets.xcassets; sourceTree = "<group>"; };
		D2C50D952432DF2600042167 /* Base */ = {isa = PBXFileReference; lastKnownFileType = file.storyboard; name = Base; path = Base.lproj/LaunchScreen.storyboard; sourceTree = "<group>"; };
		D2C50D972432DF2600042167 /* Info.plist */ = {isa = PBXFileReference; lastKnownFileType = text.plist.xml; path = Info.plist; sourceTree = "<group>"; };
		D2C50D9D2432DF4C00042167 /* RxswiftPlayground.playground */ = {isa = PBXFileReference; lastKnownFileType = file.playground; path = RxswiftPlayground.playground; sourceTree = "<group>"; xcLanguageSpecificationIdentifier = xcode.lang.swift; };
		D45825FBFA992957C98EC683 /* Pods-RxSwiftStudy.debug.xcconfig */ = {isa = PBXFileReference; includeInIndex = 1; lastKnownFileType = text.xcconfig; name = "Pods-RxSwiftStudy.debug.xcconfig"; path = "Target Support Files/Pods-RxSwiftStudy/Pods-RxSwiftStudy.debug.xcconfig"; sourceTree = "<group>"; };
/* End PBXFileReference section */

/* Begin PBXFrameworksBuildPhase section */
		D2C50D832432DF2500042167 /* Frameworks */ = {
			isa = PBXFrameworksBuildPhase;
			buildActionMask = 2147483647;
			files = (
				6B742D5D103823C2381D9637 /* Pods_RxSwiftStudy.framework in Frameworks */,
			);
			runOnlyForDeploymentPostprocessing = 0;
		};
/* End PBXFrameworksBuildPhase section */

/* Begin PBXGroup section */
		3909CC73244B38F2005E73D5 /* Model */ = {
			isa = PBXGroup;
			children = (
				3909CC6F244B368C005E73D5 /* Article.swift */,
			);
			path = Model;
			sourceTree = "<group>";
		};
		3909CC74244B38FC005E73D5 /* View */ = {
			isa = PBXGroup;
			children = (
				396BE39B244B25280035517E /* NewsApp.storyboard */,
				396BE39D244B25370035517E /* NewsListViewController.swift */,
				3909CC71244B381B005E73D5 /* AritlcleTableViewCell.swift */,
			);
			path = View;
			sourceTree = "<group>";
		};
		3909CC9C24548142005E73D5 /* WeatherApp */ = {
			isa = PBXGroup;
			children = (
				3961501A2459A14A00D61337 /* Extensions */,
				3909CC9F24548645005E73D5 /* Model */,
				3909CCA02454868C005E73D5 /* View */,
			);
			path = WeatherApp;
			sourceTree = "<group>";
		};
		3909CC9F24548645005E73D5 /* Model */ = {
			isa = PBXGroup;
			children = (
				3909CC9D24548602005E73D5 /* WeatherResult.swift */,
			);
			path = Model;
			sourceTree = "<group>";
		};
		3909CCA02454868C005E73D5 /* View */ = {
			isa = PBXGroup;
			children = (
				3909CC982454812E005E73D5 /* WeatherApp.storyboard */,
				3909CC9A2454813E005E73D5 /* WeatherViewController.swift */,
			);
			path = View;
			sourceTree = "<group>";
		};
		395B15BB24607BD300E017AB /* ViewModel */ = {
			isa = PBXGroup;
			children = (
				395B15BC24607BE100E017AB /* ArticleViewModel.swift */,
			);
			name = ViewModel;
			sourceTree = "<group>";
		};
		3961501A2459A14A00D61337 /* Extensions */ = {
			isa = PBXGroup;
			children = (
				3961501B2459A16300D61337 /* URLRequest+Extensions.swift */,
				3961501D2460401600D61337 /* URL+Extension.swift */,
			);
			path = Extensions;
			sourceTree = "<group>";
		};
		396150212460710100D61337 /* NewsAppMVVM */ = {
			isa = PBXGroup;
			children = (
				3961501F246070FD00D61337 /* NewsAppMVVM.storyboard */,
				395B15BB24607BD300E017AB /* ViewModel */,
				396150282460788600D61337 /* Extensions */,
				39615027246077BB00D61337 /* Model */,
				396150222460712700D61337 /* Controller */,
			);
			path = NewsAppMVVM;
			sourceTree = "<group>";
		};
		396150222460712700D61337 /* Controller */ = {
			isa = PBXGroup;
			children = (
				396150232460716000D61337 /* NewsTableViewController.swift */,
				395B15BE24607DEF00E017AB /* ArticleTableViewCell.swift */,
			);
			path = Controller;
			sourceTree = "<group>";
		};
		39615027246077BB00D61337 /* Model */ = {
			isa = PBXGroup;
			children = (
				396150252460778E00D61337 /* MVVMArticle.swift */,
			);
			path = Model;
			sourceTree = "<group>";
		};
		396150282460788600D61337 /* Extensions */ = {
			isa = PBXGroup;
			children = (
				39615029246078AB00D61337 /* NewsURLRequest+Extensions.swift */,
			);
			path = Extensions;
			sourceTree = "<group>";
		};
		396BE39F244B255E0035517E /* NewsApp */ = {
			isa = PBXGroup;
			children = (
				3909CC73244B38F2005E73D5 /* Model */,
				3909CC74244B38FC005E73D5 /* View */,
				3909CC75244B391E005E73D5 /* URLRequest+Extension.swift */,
			);
			path = NewsApp;
			sourceTree = "<group>";
		};
		398B33492438C87200AD6858 /* Photo Filter */ = {
			isa = PBXGroup;
			children = (
				D2C50D8F2432DF2500042167 /* Main.storyboard */,
				D2C50D8D2432DF2500042167 /* ViewController.swift */,
				3922170C24386201009A3F16 /* FilterService.swift */,
				392217082436173B009A3F16 /* PhotosCollectionViewController.swift */,
				3922170A24361F6F009A3F16 /* PhotoCollectionViewCell.swift */,
			);
			path = "Photo Filter";
			sourceTree = "<group>";
		};
		39B79755243F7AE7008B6C30 /* TODO */ = {
			isa = PBXGroup;
			children = (
				39B79751243F7AAE008B6C30 /* ToDo.storyboard */,
				39B797582440C00E008B6C30 /* Task.swift */,
				39B79753243F7AD4008B6C30 /* TodoListViewController.swift */,
				39B797562440BE71008B6C30 /* AddTaskViewController.swift */,
			);
			path = TODO;
			sourceTree = "<group>";
		};
		7050DDDE9AFE8D3BC3723914 /* Pods */ = {
			isa = PBXGroup;
			children = (
				D45825FBFA992957C98EC683 /* Pods-RxSwiftStudy.debug.xcconfig */,
				7DA000AF4B86928ADDC1349B /* Pods-RxSwiftStudy.release.xcconfig */,
			);
			path = Pods;
			sourceTree = "<group>";
		};
		CCEC490A9AE11FA3AEE91282 /* Frameworks */ = {
			isa = PBXGroup;
			children = (
				BD627954E76C3AA62CF6891B /* Pods_RxSwiftStudy.framework */,
			);
			name = Frameworks;
			sourceTree = "<group>";
		};
		D2C50D7D2432DF2500042167 = {
			isa = PBXGroup;
			children = (
				D2C50D882432DF2500042167 /* RxSwiftStudy */,
				D2C50D872432DF2500042167 /* Products */,
				7050DDDE9AFE8D3BC3723914 /* Pods */,
				CCEC490A9AE11FA3AEE91282 /* Frameworks */,
			);
			sourceTree = "<group>";
		};
		D2C50D872432DF2500042167 /* Products */ = {
			isa = PBXGroup;
			children = (
				D2C50D862432DF2500042167 /* RxSwiftStudy.app */,
			);
			name = Products;
			sourceTree = "<group>";
		};
		D2C50D882432DF2500042167 /* RxSwiftStudy */ = {
			isa = PBXGroup;
			children = (
				D2C50D9D2432DF4C00042167 /* RxswiftPlayground.playground */,
				398B33492438C87200AD6858 /* Photo Filter */,
				398B33482438C86000AD6858 /* Filtering Operators.playground */,
				39B79755243F7AE7008B6C30 /* TODO */,
				39BA5E042443176900B6CC45 /* Transforming Operators.playground */,
				396BE39F244B255E0035517E /* NewsApp */,
				3909CC77244C5709005E73D5 /* Combining Operators.playground */,
				3909CC9C24548142005E73D5 /* WeatherApp */,
				396150212460710100D61337 /* NewsAppMVVM */,
				D2C50D9E2432DF9C00042167 /* Supporting Files */,
				D2C50D972432DF2600042167 /* Info.plist */,
			);
			path = RxSwiftStudy;
			sourceTree = "<group>";
		};
		D2C50D9E2432DF9C00042167 /* Supporting Files */ = {
			isa = PBXGroup;
			children = (
				D2C50D892432DF2500042167 /* AppDelegate.swift */,
				D2C50D8B2432DF2500042167 /* SceneDelegate.swift */,
				D2C50D922432DF2600042167 /* Assets.xcassets */,
				D2C50D942432DF2600042167 /* LaunchScreen.storyboard */,
			);
			path = "Supporting Files";
			sourceTree = "<group>";
		};
/* End PBXGroup section */

/* Begin PBXNativeTarget section */
		D2C50D852432DF2500042167 /* RxSwiftStudy */ = {
			isa = PBXNativeTarget;
			buildConfigurationList = D2C50D9A2432DF2600042167 /* Build configuration list for PBXNativeTarget "RxSwiftStudy" */;
			buildPhases = (
				D9981A1C86316CE7A9EBDED1 /* [CP] Check Pods Manifest.lock */,
				D2C50D822432DF2500042167 /* Sources */,
				D2C50D832432DF2500042167 /* Frameworks */,
				D2C50D842432DF2500042167 /* Resources */,
				E80EE24C4A338B034974F1C7 /* [CP] Embed Pods Frameworks */,
			);
			buildRules = (
			);
			dependencies = (
			);
			name = RxSwiftStudy;
			productName = RxSwiftStudy;
			productReference = D2C50D862432DF2500042167 /* RxSwiftStudy.app */;
			productType = "com.apple.product-type.application";
		};
/* End PBXNativeTarget section */

/* Begin PBXProject section */
		D2C50D7E2432DF2500042167 /* Project object */ = {
			isa = PBXProject;
			attributes = {
				LastSwiftUpdateCheck = 1140;
				LastUpgradeCheck = 1140;
				ORGANIZATIONNAME = min_e;
				TargetAttributes = {
					D2C50D852432DF2500042167 = {
						CreatedOnToolsVersion = 11.4;
					};
				};
			};
			buildConfigurationList = D2C50D812432DF2500042167 /* Build configuration list for PBXProject "RxSwiftStudy" */;
			compatibilityVersion = "Xcode 9.3";
			developmentRegion = en;
			hasScannedForEncodings = 0;
			knownRegions = (
				en,
				Base,
			);
			mainGroup = D2C50D7D2432DF2500042167;
			productRefGroup = D2C50D872432DF2500042167 /* Products */;
			projectDirPath = "";
			projectRoot = "";
			targets = (
				D2C50D852432DF2500042167 /* RxSwiftStudy */,
			);
		};
/* End PBXProject section */

/* Begin PBXResourcesBuildPhase section */
		D2C50D842432DF2500042167 /* Resources */ = {
			isa = PBXResourcesBuildPhase;
			buildActionMask = 2147483647;
			files = (
				39B79752243F7AAE008B6C30 /* ToDo.storyboard in Resources */,
				D2C50D962432DF2600042167 /* LaunchScreen.storyboard in Resources */,
				396BE39C244B25280035517E /* NewsApp.storyboard in Resources */,
				3909CC992454812E005E73D5 /* WeatherApp.storyboard in Resources */,
				D2C50D932432DF2600042167 /* Assets.xcassets in Resources */,
				39615020246070FD00D61337 /* NewsAppMVVM.storyboard in Resources */,
				D2C50D912432DF2500042167 /* Main.storyboard in Resources */,
			);
			runOnlyForDeploymentPostprocessing = 0;
		};
/* End PBXResourcesBuildPhase section */

/* Begin PBXShellScriptBuildPhase section */
		D9981A1C86316CE7A9EBDED1 /* [CP] Check Pods Manifest.lock */ = {
			isa = PBXShellScriptBuildPhase;
			buildActionMask = 2147483647;
			files = (
			);
			inputFileListPaths = (
			);
			inputPaths = (
				"${PODS_PODFILE_DIR_PATH}/Podfile.lock",
				"${PODS_ROOT}/Manifest.lock",
			);
			name = "[CP] Check Pods Manifest.lock";
			outputFileListPaths = (
			);
			outputPaths = (
				"$(DERIVED_FILE_DIR)/Pods-RxSwiftStudy-checkManifestLockResult.txt",
			);
			runOnlyForDeploymentPostprocessing = 0;
			shellPath = /bin/sh;
			shellScript = "diff \"${PODS_PODFILE_DIR_PATH}/Podfile.lock\" \"${PODS_ROOT}/Manifest.lock\" > /dev/null\nif [ $? != 0 ] ; then\n    # print error to STDERR\n    echo \"error: The sandbox is not in sync with the Podfile.lock. Run 'pod install' or update your CocoaPods installation.\" >&2\n    exit 1\nfi\n# This output is used by Xcode 'outputs' to avoid re-running this script phase.\necho \"SUCCESS\" > \"${SCRIPT_OUTPUT_FILE_0}\"\n";
			showEnvVarsInLog = 0;
		};
		E80EE24C4A338B034974F1C7 /* [CP] Embed Pods Frameworks */ = {
			isa = PBXShellScriptBuildPhase;
			buildActionMask = 2147483647;
			files = (
			);
			inputFileListPaths = (
				"${PODS_ROOT}/Target Support Files/Pods-RxSwiftStudy/Pods-RxSwiftStudy-frameworks-${CONFIGURATION}-input-files.xcfilelist",
			);
			name = "[CP] Embed Pods Frameworks";
			outputFileListPaths = (
				"${PODS_ROOT}/Target Support Files/Pods-RxSwiftStudy/Pods-RxSwiftStudy-frameworks-${CONFIGURATION}-output-files.xcfilelist",
			);
			runOnlyForDeploymentPostprocessing = 0;
			shellPath = /bin/sh;
			shellScript = "\"${PODS_ROOT}/Target Support Files/Pods-RxSwiftStudy/Pods-RxSwiftStudy-frameworks.sh\"\n";
			showEnvVarsInLog = 0;
		};
/* End PBXShellScriptBuildPhase section */

/* Begin PBXSourcesBuildPhase section */
		D2C50D822432DF2500042167 /* Sources */ = {
			isa = PBXSourcesBuildPhase;
			buildActionMask = 2147483647;
			files = (
				3909CC9E24548602005E73D5 /* WeatherResult.swift in Sources */,
				3909CC70244B368C005E73D5 /* Article.swift in Sources */,
				D2C50D8E2432DF2500042167 /* ViewController.swift in Sources */,
				39B797572440BE71008B6C30 /* AddTaskViewController.swift in Sources */,
				39B79754243F7AD4008B6C30 /* TodoListViewController.swift in Sources */,
				396BE39E244B25370035517E /* NewsListViewController.swift in Sources */,
				3922170B24361F6F009A3F16 /* PhotoCollectionViewCell.swift in Sources */,
				D2C50D8A2432DF2500042167 /* AppDelegate.swift in Sources */,
				396150242460716000D61337 /* NewsTableViewController.swift in Sources */,
				3922170D24386201009A3F16 /* FilterService.swift in Sources */,
				D2C50D8C2432DF2500042167 /* SceneDelegate.swift in Sources */,
				396150262460778E00D61337 /* MVVMArticle.swift in Sources */,
				395B15BD24607BE100E017AB /* ArticleViewModel.swift in Sources */,
				3961501E2460401600D61337 /* URL+Extension.swift in Sources */,
				3961502A246078AB00D61337 /* NewsURLRequest+Extensions.swift in Sources */,
				3909CC76244B391E005E73D5 /* URLRequest+Extension.swift in Sources */,
				395B15BF24607DEF00E017AB /* ArticleTableViewCell.swift in Sources */,
				3909CC72244B381B005E73D5 /* AritlcleTableViewCell.swift in Sources */,
				3909CC9B2454813E005E73D5 /* WeatherViewController.swift in Sources */,
				3961501C2459A16300D61337 /* URLRequest+Extensions.swift in Sources */,
				39B797592440C00E008B6C30 /* Task.swift in Sources */,
				392217092436173B009A3F16 /* PhotosCollectionViewController.swift in Sources */,
			);
			runOnlyForDeploymentPostprocessing = 0;
		};
/* End PBXSourcesBuildPhase section */

/* Begin PBXVariantGroup section */
		D2C50D8F2432DF2500042167 /* Main.storyboard */ = {
			isa = PBXVariantGroup;
			children = (
				D2C50D902432DF2500042167 /* Base */,
			);
			name = Main.storyboard;
			sourceTree = "<group>";
		};
		D2C50D942432DF2600042167 /* LaunchScreen.storyboard */ = {
			isa = PBXVariantGroup;
			children = (
				D2C50D952432DF2600042167 /* Base */,
			);
			name = LaunchScreen.storyboard;
			sourceTree = "<group>";
		};
/* End PBXVariantGroup section */

/* Begin XCBuildConfiguration section */
		D2C50D982432DF2600042167 /* Debug */ = {
			isa = XCBuildConfiguration;
			buildSettings = {
				ALWAYS_SEARCH_USER_PATHS = NO;
				CLANG_ANALYZER_NONNULL = YES;
				CLANG_ANALYZER_NUMBER_OBJECT_CONVERSION = YES_AGGRESSIVE;
				CLANG_CXX_LANGUAGE_STANDARD = "gnu++14";
				CLANG_CXX_LIBRARY = "libc++";
				CLANG_ENABLE_MODULES = YES;
				CLANG_ENABLE_OBJC_ARC = YES;
				CLANG_ENABLE_OBJC_WEAK = YES;
				CLANG_WARN_BLOCK_CAPTURE_AUTORELEASING = YES;
				CLANG_WARN_BOOL_CONVERSION = YES;
				CLANG_WARN_COMMA = YES;
				CLANG_WARN_CONSTANT_CONVERSION = YES;
				CLANG_WARN_DEPRECATED_OBJC_IMPLEMENTATIONS = YES;
				CLANG_WARN_DIRECT_OBJC_ISA_USAGE = YES_ERROR;
				CLANG_WARN_DOCUMENTATION_COMMENTS = YES;
				CLANG_WARN_EMPTY_BODY = YES;
				CLANG_WARN_ENUM_CONVERSION = YES;
				CLANG_WARN_INFINITE_RECURSION = YES;
				CLANG_WARN_INT_CONVERSION = YES;
				CLANG_WARN_NON_LITERAL_NULL_CONVERSION = YES;
				CLANG_WARN_OBJC_IMPLICIT_RETAIN_SELF = YES;
				CLANG_WARN_OBJC_LITERAL_CONVERSION = YES;
				CLANG_WARN_OBJC_ROOT_CLASS = YES_ERROR;
				CLANG_WARN_RANGE_LOOP_ANALYSIS = YES;
				CLANG_WARN_STRICT_PROTOTYPES = YES;
				CLANG_WARN_SUSPICIOUS_MOVE = YES;
				CLANG_WARN_UNGUARDED_AVAILABILITY = YES_AGGRESSIVE;
				CLANG_WARN_UNREACHABLE_CODE = YES;
				CLANG_WARN__DUPLICATE_METHOD_MATCH = YES;
				COPY_PHASE_STRIP = NO;
				DEBUG_INFORMATION_FORMAT = dwarf;
				ENABLE_STRICT_OBJC_MSGSEND = YES;
				ENABLE_TESTABILITY = YES;
				GCC_C_LANGUAGE_STANDARD = gnu11;
				GCC_DYNAMIC_NO_PIC = NO;
				GCC_NO_COMMON_BLOCKS = YES;
				GCC_OPTIMIZATION_LEVEL = 0;
				GCC_PREPROCESSOR_DEFINITIONS = (
					"DEBUG=1",
					"$(inherited)",
				);
				GCC_WARN_64_TO_32_BIT_CONVERSION = YES;
				GCC_WARN_ABOUT_RETURN_TYPE = YES_ERROR;
				GCC_WARN_UNDECLARED_SELECTOR = YES;
				GCC_WARN_UNINITIALIZED_AUTOS = YES_AGGRESSIVE;
				GCC_WARN_UNUSED_FUNCTION = YES;
				GCC_WARN_UNUSED_VARIABLE = YES;
				IPHONEOS_DEPLOYMENT_TARGET = 13.4;
				MTL_ENABLE_DEBUG_INFO = INCLUDE_SOURCE;
				MTL_FAST_MATH = YES;
				ONLY_ACTIVE_ARCH = YES;
				SDKROOT = iphoneos;
				SWIFT_ACTIVE_COMPILATION_CONDITIONS = DEBUG;
				SWIFT_OPTIMIZATION_LEVEL = "-Onone";
			};
			name = Debug;
		};
		D2C50D992432DF2600042167 /* Release */ = {
			isa = XCBuildConfiguration;
			buildSettings = {
				ALWAYS_SEARCH_USER_PATHS = NO;
				CLANG_ANALYZER_NONNULL = YES;
				CLANG_ANALYZER_NUMBER_OBJECT_CONVERSION = YES_AGGRESSIVE;
				CLANG_CXX_LANGUAGE_STANDARD = "gnu++14";
				CLANG_CXX_LIBRARY = "libc++";
				CLANG_ENABLE_MODULES = YES;
				CLANG_ENABLE_OBJC_ARC = YES;
				CLANG_ENABLE_OBJC_WEAK = YES;
				CLANG_WARN_BLOCK_CAPTURE_AUTORELEASING = YES;
				CLANG_WARN_BOOL_CONVERSION = YES;
				CLANG_WARN_COMMA = YES;
				CLANG_WARN_CONSTANT_CONVERSION = YES;
				CLANG_WARN_DEPRECATED_OBJC_IMPLEMENTATIONS = YES;
				CLANG_WARN_DIRECT_OBJC_ISA_USAGE = YES_ERROR;
				CLANG_WARN_DOCUMENTATION_COMMENTS = YES;
				CLANG_WARN_EMPTY_BODY = YES;
				CLANG_WARN_ENUM_CONVERSION = YES;
				CLANG_WARN_INFINITE_RECURSION = YES;
				CLANG_WARN_INT_CONVERSION = YES;
				CLANG_WARN_NON_LITERAL_NULL_CONVERSION = YES;
				CLANG_WARN_OBJC_IMPLICIT_RETAIN_SELF = YES;
				CLANG_WARN_OBJC_LITERAL_CONVERSION = YES;
				CLANG_WARN_OBJC_ROOT_CLASS = YES_ERROR;
				CLANG_WARN_RANGE_LOOP_ANALYSIS = YES;
				CLANG_WARN_STRICT_PROTOTYPES = YES;
				CLANG_WARN_SUSPICIOUS_MOVE = YES;
				CLANG_WARN_UNGUARDED_AVAILABILITY = YES_AGGRESSIVE;
				CLANG_WARN_UNREACHABLE_CODE = YES;
				CLANG_WARN__DUPLICATE_METHOD_MATCH = YES;
				COPY_PHASE_STRIP = NO;
				DEBUG_INFORMATION_FORMAT = "dwarf-with-dsym";
				ENABLE_NS_ASSERTIONS = NO;
				ENABLE_STRICT_OBJC_MSGSEND = YES;
				GCC_C_LANGUAGE_STANDARD = gnu11;
				GCC_NO_COMMON_BLOCKS = YES;
				GCC_WARN_64_TO_32_BIT_CONVERSION = YES;
				GCC_WARN_ABOUT_RETURN_TYPE = YES_ERROR;
				GCC_WARN_UNDECLARED_SELECTOR = YES;
				GCC_WARN_UNINITIALIZED_AUTOS = YES_AGGRESSIVE;
				GCC_WARN_UNUSED_FUNCTION = YES;
				GCC_WARN_UNUSED_VARIABLE = YES;
				IPHONEOS_DEPLOYMENT_TARGET = 13.4;
				MTL_ENABLE_DEBUG_INFO = NO;
				MTL_FAST_MATH = YES;
				SDKROOT = iphoneos;
				SWIFT_COMPILATION_MODE = wholemodule;
				SWIFT_OPTIMIZATION_LEVEL = "-O";
				VALIDATE_PRODUCT = YES;
			};
			name = Release;
		};
		D2C50D9B2432DF2600042167 /* Debug */ = {
			isa = XCBuildConfiguration;
			baseConfigurationReference = D45825FBFA992957C98EC683 /* Pods-RxSwiftStudy.debug.xcconfig */;
			buildSettings = {
				ASSETCATALOG_COMPILER_APPICON_NAME = AppIcon;
				CODE_SIGN_STYLE = Automatic;
				DEVELOPMENT_TEAM = UY288B234M;
				INFOPLIST_FILE = RxSwiftStudy/Info.plist;
				LD_RUNPATH_SEARCH_PATHS = (
					"$(inherited)",
					"@executable_path/Frameworks",
				);
				PRODUCT_BUNDLE_IDENTIFIER = "com.min-e.RxSwiftStudy";
				PRODUCT_NAME = "$(TARGET_NAME)";
				SWIFT_VERSION = 5.0;
				TARGETED_DEVICE_FAMILY = "1,2";
			};
			name = Debug;
		};
		D2C50D9C2432DF2600042167 /* Release */ = {
			isa = XCBuildConfiguration;
			baseConfigurationReference = 7DA000AF4B86928ADDC1349B /* Pods-RxSwiftStudy.release.xcconfig */;
			buildSettings = {
				ASSETCATALOG_COMPILER_APPICON_NAME = AppIcon;
				CODE_SIGN_STYLE = Automatic;
				DEVELOPMENT_TEAM = UY288B234M;
				INFOPLIST_FILE = RxSwiftStudy/Info.plist;
				LD_RUNPATH_SEARCH_PATHS = (
					"$(inherited)",
					"@executable_path/Frameworks",
				);
				PRODUCT_BUNDLE_IDENTIFIER = "com.min-e.RxSwiftStudy";
				PRODUCT_NAME = "$(TARGET_NAME)";
				SWIFT_VERSION = 5.0;
				TARGETED_DEVICE_FAMILY = "1,2";
			};
			name = Release;
		};
/* End XCBuildConfiguration section */

/* Begin XCConfigurationList section */
		D2C50D812432DF2500042167 /* Build configuration list for PBXProject "RxSwiftStudy" */ = {
			isa = XCConfigurationList;
			buildConfigurations = (
				D2C50D982432DF2600042167 /* Debug */,
				D2C50D992432DF2600042167 /* Release */,
			);
			defaultConfigurationIsVisible = 0;
			defaultConfigurationName = Release;
		};
		D2C50D9A2432DF2600042167 /* Build configuration list for PBXNativeTarget "RxSwiftStudy" */ = {
			isa = XCConfigurationList;
			buildConfigurations = (
				D2C50D9B2432DF2600042167 /* Debug */,
				D2C50D9C2432DF2600042167 /* Release */,
			);
			defaultConfigurationIsVisible = 0;
			defaultConfigurationName = Release;
		};
/* End XCConfigurationList section */
	};
	rootObject = D2C50D7E2432DF2500042167 /* Project object */;
}
